
Microsoft Visual Studio Solution File, Format Version 12.00
# Visual Studio Version 17
VisualStudioVersion = 17.0.31903.59
MinimumVisualStudioVersion = 10.0.40219.1
Project("{2150E333-8FDC-42A3-9474-1A3956D46DE8}") = "Constants", "Constants", "{9090F685-7289-428D-A1A7-EA835E7A06FD}"
EndProject
Project("{FAE04EC0-301F-11D3-BF4B-00C04F79EFBC}") = "Constants", "Constants\Constants\Constants.csproj", "{90C01649-DDBC-41AC-ADC2-DD96A642D42F}"
EndProject
Project("{2150E333-8FDC-42A3-9474-1A3956D46DE8}") = "Datatypes and Variables Assignment", "Datatypes and Variables Assignment", "{8C45E0C9-62E7-4C16-B66A-26FFD9E5E68C}"
EndProject
Project("{FAE04EC0-301F-11D3-BF4B-00C04F79EFBC}") = "Datatypes and Variables Assignment", "Datatypes and Variables Assignment\Datatypes and Variables Assignment\Datatypes and Variables Assignment.csproj", "{B32A1047-B27B-4681-9E25-EBC4814BADF3}"
EndProject
Project("{2150E333-8FDC-42A3-9474-1A3956D46DE8}") = "HelloWorld", "HelloWorld", "{1E7E6D3E-6AA2-4BE1-BE3E-2877F4EBBA69}"
EndProject
Project("{FAE04EC0-301F-11D3-BF4B-00C04F79EFBC}") = "HelloWorld", "HelloWorld\HelloWorld\HelloWorld.csproj", "{A9BCE3DF-7890-4B8D-912C-290F7D832B52}"
EndProject
Project("{2150E333-8FDC-42A3-9474-1A3956D46DE8}") = "Method Assignment", "Method Assignment", "{B70E251E-3F71-4F51-B61D-7C9EC0A737E9}"
EndProject
Project("{FAE04EC0-301F-11D3-BF4B-00C04F79EFBC}") = "Method Assignment", "Method Assignment\Method Assignment\Method Assignment.csproj", "{48575A6B-8AFC-4D87-8B2A-A2D5B31200CD}"
EndProject
Project("{2150E333-8FDC-42A3-9474-1A3956D46DE8}") = "Method Assignment 2", "Method Assignment 2", "{51197552-8F0D-4F53-9433-10C9FE9A28BA}"
EndProject
Project("{FAE04EC0-301F-11D3-BF4B-00C04F79EFBC}") = "Method Assignment 2", "Method Assignment 2\Method Assignment 2\Method Assignment 2.csproj", "{5C8A4C95-CB66-4F02-A4B5-672B184AB2E0}"
EndProject
Project("{2150E333-8FDC-42A3-9474-1A3956D46DE8}") = "Methods", "Methods", "{D614F106-59D6-4A5E-8BC7-DEDFE6ACF45F}"
EndProject
Project("{FAE04EC0-301F-11D3-BF4B-00C04F79EFBC}") = "Methods", "Methods\Methods\Methods.csproj", "{6BD9410B-3AED-4418-B6E3-137CED26D4A6}"
EndProject
Project("{2150E333-8FDC-42A3-9474-1A3956D46DE8}") = "OldStyleApp", "OldStyleApp", "{C325B48D-2EE2-4671-B663-8AFAF5188B8B}"
EndProject
Project("{FAE04EC0-301F-11D3-BF4B-00C04F79EFBC}") = "OldStyleApp", "OldStyleApp\OldStyleApp\OldStyleApp.csproj", "{AD30DBA1-1533-466E-BE06-D38E3E3E192A}"
EndProject
Project("{2150E333-8FDC-42A3-9474-1A3956D46DE8}") = "String Assignment", "String Assignment", "{F8C263E3-9920-4466-ADCB-12148225F791}"
EndProject
Project("{FAE04EC0-301F-11D3-BF4B-00C04F79EFBC}") = "String Assignment", "String Assignment\String Assignment\String Assignment.csproj", "{F9413CEE-CFDD-45AC-A852-E9095CE4F8AF}"
EndProject
Project("{2150E333-8FDC-42A3-9474-1A3956D46DE8}") = "String Assignment2", "String Assignment2", "{B7B2C0E3-381B-4BA1-BEDD-E8FBD4BB8F19}"
EndProject
Project("{FAE04EC0-301F-11D3-BF4B-00C04F79EFBC}") = "String Assignment2", "String Assignment2\String Assignment2\String Assignment2.csproj", "{F7A6464D-8C99-493A-A86B-EC8D60057781}"
EndProject
Project("{2150E333-8FDC-42A3-9474-1A3956D46DE8}") = "User Input", "User Input", "{F9447CD6-B52C-4E64-97C3-7E6289A71BF5}"
EndProject
Project("{FAE04EC0-301F-11D3-BF4B-00C04F79EFBC}") = "Operators", "User Input\Operators\Operators.csproj", "{50A4A4DB-DF92-4048-9031-1290B9F3FA90}"
EndProject
Project("{FAE04EC0-301F-11D3-BF4B-00C04F79EFBC}") = "Try Catch", "User Input\Try Catch\Try Catch.csproj", "{F04232F4-F333-45C0-9AF4-B81D9A824133}"
EndProject
Project("{FAE04EC0-301F-11D3-BF4B-00C04F79EFBC}") = "User Input", "User Input\User Input\User Input.csproj", "{06278225-5284-401F-8E63-35DAB41D8FE9}"
EndProject
Project("{FAE04EC0-301F-11D3-BF4B-00C04F79EFBC}") = "Chicken Nuggets (nuget)", "Chicken Nuggets (nuget)\Chicken Nuggets (nuget).csproj", "{D3091B2B-DB9D-4919-B52E-7F8663338B7F}"
EndProject
Project("{FAE04EC0-301F-11D3-BF4B-00C04F79EFBC}") = "Decisions", "Decisions\Decisions.csproj", "{EB8F01FA-707B-4C11-B249-C85D2B2393EB}"
EndProject
Project("{FAE04EC0-301F-11D3-BF4B-00C04F79EFBC}") = "TryParse", "TryParse\TryParse.csproj", "{7F60123B-3F7A-42C6-B718-DD80EDBDF805}"
EndProject
Project("{FAE04EC0-301F-11D3-BF4B-00C04F79EFBC}") = "IfElse Assignment", "IfElse Assignment\IfElse Assignment.csproj", "{8CF2E218-D1B4-4D4C-9CDC-CB2410E5A637}"
EndProject
Project("{FAE04EC0-301F-11D3-BF4B-00C04F79EFBC}") = "Nested If Statement", "Nested If Statement\Nested If Statement.csproj", "{77558E34-9664-4BF9-9CED-9BF243DA0284}"
EndProject
Project("{FAE04EC0-301F-11D3-BF4B-00C04F79EFBC}") = "IfElse Assignment2", "IfElse Assignment2\IfElse Assignment2.csproj", "{1822C0E0-C923-462B-BA8D-4C2D9AFDEF0A}"
EndProject
Project("{FAE04EC0-301F-11D3-BF4B-00C04F79EFBC}") = "IfElse Assignment3", "Ifelse Assignment3\IfElse Assignment3.csproj", "{36096CF7-A0BA-48C4-B822-4138934B8BDF}"
EndProject
Project("{FAE04EC0-301F-11D3-BF4B-00C04F79EFBC}") = "SwitchStatements", "SwitchStatements\SwitchStatements.csproj", "{40209166-DCE8-4A5F-98F9-E2E8406C962E}"
EndProject
Project("{FAE04EC0-301F-11D3-BF4B-00C04F79EFBC}") = "IfElse Assignment4", "IfElse Assignment4\IfElse Assignment4.csproj", "{44CAB4B7-0C49-40FA-9387-F1AF3746C6BA}"
EndProject
Global
	GlobalSection(SolutionConfigurationPlatforms) = preSolution
		Debug|Any CPU = Debug|Any CPU
		Release|Any CPU = Release|Any CPU
	EndGlobalSection
	GlobalSection(ProjectConfigurationPlatforms) = postSolution
		{90C01649-DDBC-41AC-ADC2-DD96A642D42F}.Debug|Any CPU.ActiveCfg = Debug|Any CPU
		{90C01649-DDBC-41AC-ADC2-DD96A642D42F}.Debug|Any CPU.Build.0 = Debug|Any CPU
		{90C01649-DDBC-41AC-ADC2-DD96A642D42F}.Release|Any CPU.ActiveCfg = Release|Any CPU
		{90C01649-DDBC-41AC-ADC2-DD96A642D42F}.Release|Any CPU.Build.0 = Release|Any CPU
		{B32A1047-B27B-4681-9E25-EBC4814BADF3}.Debug|Any CPU.ActiveCfg = Debug|Any CPU
		{B32A1047-B27B-4681-9E25-EBC4814BADF3}.Debug|Any CPU.Build.0 = Debug|Any CPU
		{B32A1047-B27B-4681-9E25-EBC4814BADF3}.Release|Any CPU.ActiveCfg = Release|Any CPU
		{B32A1047-B27B-4681-9E25-EBC4814BADF3}.Release|Any CPU.Build.0 = Release|Any CPU
		{A9BCE3DF-7890-4B8D-912C-290F7D832B52}.Debug|Any CPU.ActiveCfg = Debug|Any CPU
		{A9BCE3DF-7890-4B8D-912C-290F7D832B52}.Debug|Any CPU.Build.0 = Debug|Any CPU
		{A9BCE3DF-7890-4B8D-912C-290F7D832B52}.Release|Any CPU.ActiveCfg = Release|Any CPU
		{A9BCE3DF-7890-4B8D-912C-290F7D832B52}.Release|Any CPU.Build.0 = Release|Any CPU
		{48575A6B-8AFC-4D87-8B2A-A2D5B31200CD}.Debug|Any CPU.ActiveCfg = Debug|Any CPU
		{48575A6B-8AFC-4D87-8B2A-A2D5B31200CD}.Debug|Any CPU.Build.0 = Debug|Any CPU
		{48575A6B-8AFC-4D87-8B2A-A2D5B31200CD}.Release|Any CPU.ActiveCfg = Release|Any CPU
		{48575A6B-8AFC-4D87-8B2A-A2D5B31200CD}.Release|Any CPU.Build.0 = Release|Any CPU
		{5C8A4C95-CB66-4F02-A4B5-672B184AB2E0}.Debug|Any CPU.ActiveCfg = Debug|Any CPU
		{5C8A4C95-CB66-4F02-A4B5-672B184AB2E0}.Debug|Any CPU.Build.0 = Debug|Any CPU
		{5C8A4C95-CB66-4F02-A4B5-672B184AB2E0}.Release|Any CPU.ActiveCfg = Release|Any CPU
		{5C8A4C95-CB66-4F02-A4B5-672B184AB2E0}.Release|Any CPU.Build.0 = Release|Any CPU
		{6BD9410B-3AED-4418-B6E3-137CED26D4A6}.Debug|Any CPU.ActiveCfg = Debug|Any CPU
		{6BD9410B-3AED-4418-B6E3-137CED26D4A6}.Debug|Any CPU.Build.0 = Debug|Any CPU
		{6BD9410B-3AED-4418-B6E3-137CED26D4A6}.Release|Any CPU.ActiveCfg = Release|Any CPU
		{6BD9410B-3AED-4418-B6E3-137CED26D4A6}.Release|Any CPU.Build.0 = Release|Any CPU
		{AD30DBA1-1533-466E-BE06-D38E3E3E192A}.Debug|Any CPU.ActiveCfg = Debug|Any CPU
		{AD30DBA1-1533-466E-BE06-D38E3E3E192A}.Debug|Any CPU.Build.0 = Debug|Any CPU
		{AD30DBA1-1533-466E-BE06-D38E3E3E192A}.Release|Any CPU.ActiveCfg = Release|Any CPU
		{AD30DBA1-1533-466E-BE06-D38E3E3E192A}.Release|Any CPU.Build.0 = Release|Any CPU
		{F9413CEE-CFDD-45AC-A852-E9095CE4F8AF}.Debug|Any CPU.ActiveCfg = Debug|Any CPU
		{F9413CEE-CFDD-45AC-A852-E9095CE4F8AF}.Debug|Any CPU.Build.0 = Debug|Any CPU
		{F9413CEE-CFDD-45AC-A852-E9095CE4F8AF}.Release|Any CPU.ActiveCfg = Release|Any CPU
		{F9413CEE-CFDD-45AC-A852-E9095CE4F8AF}.Release|Any CPU.Build.0 = Release|Any CPU
		{F7A6464D-8C99-493A-A86B-EC8D60057781}.Debug|Any CPU.ActiveCfg = Debug|Any CPU
		{F7A6464D-8C99-493A-A86B-EC8D60057781}.Debug|Any CPU.Build.0 = Debug|Any CPU
		{F7A6464D-8C99-493A-A86B-EC8D60057781}.Release|Any CPU.ActiveCfg = Release|Any CPU
		{F7A6464D-8C99-493A-A86B-EC8D60057781}.Release|Any CPU.Build.0 = Release|Any CPU
		{50A4A4DB-DF92-4048-9031-1290B9F3FA90}.Debug|Any CPU.ActiveCfg = Debug|Any CPU
		{50A4A4DB-DF92-4048-9031-1290B9F3FA90}.Debug|Any CPU.Build.0 = Debug|Any CPU
		{50A4A4DB-DF92-4048-9031-1290B9F3FA90}.Release|Any CPU.ActiveCfg = Release|Any CPU
		{50A4A4DB-DF92-4048-9031-1290B9F3FA90}.Release|Any CPU.Build.0 = Release|Any CPU
		{F04232F4-F333-45C0-9AF4-B81D9A824133}.Debug|Any CPU.ActiveCfg = Debug|Any CPU
		{F04232F4-F333-45C0-9AF4-B81D9A824133}.Debug|Any CPU.Build.0 = Debug|Any CPU
		{F04232F4-F333-45C0-9AF4-B81D9A824133}.Release|Any CPU.ActiveCfg = Release|Any CPU
		{F04232F4-F333-45C0-9AF4-B81D9A824133}.Release|Any CPU.Build.0 = Release|Any CPU
		{06278225-5284-401F-8E63-35DAB41D8FE9}.Debug|Any CPU.ActiveCfg = Debug|Any CPU
		{06278225-5284-401F-8E63-35DAB41D8FE9}.Debug|Any CPU.Build.0 = Debug|Any CPU
		{06278225-5284-401F-8E63-35DAB41D8FE9}.Release|Any CPU.ActiveCfg = Release|Any CPU
		{06278225-5284-401F-8E63-35DAB41D8FE9}.Release|Any CPU.Build.0 = Release|Any CPU
		{D3091B2B-DB9D-4919-B52E-7F8663338B7F}.Debug|Any CPU.ActiveCfg = Debug|Any CPU
		{D3091B2B-DB9D-4919-B52E-7F8663338B7F}.Debug|Any CPU.Build.0 = Debug|Any CPU
		{D3091B2B-DB9D-4919-B52E-7F8663338B7F}.Release|Any CPU.ActiveCfg = Release|Any CPU
		{D3091B2B-DB9D-4919-B52E-7F8663338B7F}.Release|Any CPU.Build.0 = Release|Any CPU
		{EB8F01FA-707B-4C11-B249-C85D2B2393EB}.Debug|Any CPU.ActiveCfg = Debug|Any CPU
		{EB8F01FA-707B-4C11-B249-C85D2B2393EB}.Debug|Any CPU.Build.0 = Debug|Any CPU
		{EB8F01FA-707B-4C11-B249-C85D2B2393EB}.Release|Any CPU.ActiveCfg = Release|Any CPU
		{EB8F01FA-707B-4C11-B249-C85D2B2393EB}.Release|Any CPU.Build.0 = Release|Any CPU
		{7F60123B-3F7A-42C6-B718-DD80EDBDF805}.Debug|Any CPU.ActiveCfg = Debug|Any CPU
		{7F60123B-3F7A-42C6-B718-DD80EDBDF805}.Debug|Any CPU.Build.0 = Debug|Any CPU
		{7F60123B-3F7A-42C6-B718-DD80EDBDF805}.Release|Any CPU.ActiveCfg = Release|Any CPU
		{7F60123B-3F7A-42C6-B718-DD80EDBDF805}.Release|Any CPU.Build.0 = Release|Any CPU
		{8CF2E218-D1B4-4D4C-9CDC-CB2410E5A637}.Debug|Any CPU.ActiveCfg = Debug|Any CPU
		{8CF2E218-D1B4-4D4C-9CDC-CB2410E5A637}.Debug|Any CPU.Build.0 = Debug|Any CPU
		{8CF2E218-D1B4-4D4C-9CDC-CB2410E5A637}.Release|Any CPU.ActiveCfg = Release|Any CPU
		{8CF2E218-D1B4-4D4C-9CDC-CB2410E5A637}.Release|Any CPU.Build.0 = Release|Any CPU
		{77558E34-9664-4BF9-9CED-9BF243DA0284}.Debug|Any CPU.ActiveCfg = Debug|Any CPU
		{77558E34-9664-4BF9-9CED-9BF243DA0284}.Debug|Any CPU.Build.0 = Debug|Any CPU
		{77558E34-9664-4BF9-9CED-9BF243DA0284}.Release|Any CPU.ActiveCfg = Release|Any CPU
		{77558E34-9664-4BF9-9CED-9BF243DA0284}.Release|Any CPU.Build.0 = Release|Any CPU
		{1822C0E0-C923-462B-BA8D-4C2D9AFDEF0A}.Debug|Any CPU.ActiveCfg = Debug|Any CPU
		{1822C0E0-C923-462B-BA8D-4C2D9AFDEF0A}.Debug|Any CPU.Build.0 = Debug|Any CPU
		{1822C0E0-C923-462B-BA8D-4C2D9AFDEF0A}.Release|Any CPU.ActiveCfg = Release|Any CPU
		{1822C0E0-C923-462B-BA8D-4C2D9AFDEF0A}.Release|Any CPU.Build.0 = Release|Any CPU
		{36096CF7-A0BA-48C4-B822-4138934B8BDF}.Debug|Any CPU.ActiveCfg = Debug|Any CPU
		{36096CF7-A0BA-48C4-B822-4138934B8BDF}.Debug|Any CPU.Build.0 = Debug|Any CPU
		{36096CF7-A0BA-48C4-B822-4138934B8BDF}.Release|Any CPU.ActiveCfg = Release|Any CPU
		{36096CF7-A0BA-48C4-B822-4138934B8BDF}.Release|Any CPU.Build.0 = Release|Any CPU
		{40209166-DCE8-4A5F-98F9-E2E8406C962E}.Debug|Any CPU.ActiveCfg = Debug|Any CPU
		{40209166-DCE8-4A5F-98F9-E2E8406C962E}.Debug|Any CPU.Build.0 = Debug|Any CPU
		{40209166-DCE8-4A5F-98F9-E2E8406C962E}.Release|Any CPU.ActiveCfg = Release|Any CPU
		{40209166-DCE8-4A5F-98F9-E2E8406C962E}.Release|Any CPU.Build.0 = Release|Any CPU
		{44CAB4B7-0C49-40FA-9387-F1AF3746C6BA}.Debug|Any CPU.ActiveCfg = Debug|Any CPU
		{44CAB4B7-0C49-40FA-9387-F1AF3746C6BA}.Debug|Any CPU.Build.0 = Debug|Any CPU
		{44CAB4B7-0C49-40FA-9387-F1AF3746C6BA}.Release|Any CPU.ActiveCfg = Release|Any CPU
		{44CAB4B7-0C49-40FA-9387-F1AF3746C6BA}.Release|Any CPU.Build.0 = Release|Any CPU
	EndGlobalSection
	GlobalSection(SolutionProperties) = preSolution
		HideSolutionNode = FALSE
	EndGlobalSection
	GlobalSection(NestedProjects) = preSolution
		{90C01649-DDBC-41AC-ADC2-DD96A642D42F} = {9090F685-7289-428D-A1A7-EA835E7A06FD}
		{B32A1047-B27B-4681-9E25-EBC4814BADF3} = {8C45E0C9-62E7-4C16-B66A-26FFD9E5E68C}
		{A9BCE3DF-7890-4B8D-912C-290F7D832B52} = {1E7E6D3E-6AA2-4BE1-BE3E-2877F4EBBA69}
		{48575A6B-8AFC-4D87-8B2A-A2D5B31200CD} = {B70E251E-3F71-4F51-B61D-7C9EC0A737E9}
		{5C8A4C95-CB66-4F02-A4B5-672B184AB2E0} = {51197552-8F0D-4F53-9433-10C9FE9A28BA}
		{6BD9410B-3AED-4418-B6E3-137CED26D4A6} = {D614F106-59D6-4A5E-8BC7-DEDFE6ACF45F}
		{AD30DBA1-1533-466E-BE06-D38E3E3E192A} = {C325B48D-2EE2-4671-B663-8AFAF5188B8B}
		{F9413CEE-CFDD-45AC-A852-E9095CE4F8AF} = {F8C263E3-9920-4466-ADCB-12148225F791}
		{F7A6464D-8C99-493A-A86B-EC8D60057781} = {B7B2C0E3-381B-4BA1-BEDD-E8FBD4BB8F19}
		{50A4A4DB-DF92-4048-9031-1290B9F3FA90} = {F9447CD6-B52C-4E64-97C3-7E6289A71BF5}
		{F04232F4-F333-45C0-9AF4-B81D9A824133} = {F9447CD6-B52C-4E64-97C3-7E6289A71BF5}
		{06278225-5284-401F-8E63-35DAB41D8FE9} = {F9447CD6-B52C-4E64-97C3-7E6289A71BF5}
	EndGlobalSection
EndGlobal
