
Microsoft Visual Studio Solution File, Format Version 12.00
# Visual Studio Version 17
VisualStudioVersion = 17.8.34330.188
MinimumVisualStudioVersion = 10.0.40219.1
Project("{9A19103F-16F7-4668-BE54-9A1E7A4F7556}") = "Method Assignment 2", "Method Assignment 2\Method Assignment 2.csproj", "{C71917F8-CA03-4A41-902B-265B01B8E765}"
EndProject
Global
	GlobalSection(SolutionConfigurationPlatforms) = preSolution
		Debug|Any CPU = Debug|Any CPU
		Release|Any CPU = Release|Any CPU
	EndGlobalSection
	GlobalSection(ProjectConfigurationPlatforms) = postSolution
		{C71917F8-CA03-4A41-902B-265B01B8E765}.Debug|Any CPU.ActiveCfg = Debug|Any CPU
		{C71917F8-CA03-4A41-902B-265B01B8E765}.Debug|Any CPU.Build.0 = Debug|Any CPU
		{C71917F8-CA03-4A41-902B-265B01B8E765}.Release|Any CPU.ActiveCfg = Release|Any CPU
		{C71917F8-CA03-4A41-902B-265B01B8E765}.Release|Any CPU.Build.0 = Release|Any CPU
	EndGlobalSection
	GlobalSection(SolutionProperties) = preSolution
		HideSolutionNode = FALSE
	EndGlobalSection
	GlobalSection(ExtensibilityGlobals) = postSolution
		SolutionGuid = {A651B744-F0CF-4224-87B9-8FA44FC1C84B}
	EndGlobalSection
EndGlobal
