
Microsoft Visual Studio Solution File, Format Version 12.00
# Visual Studio Version 17
VisualStudioVersion = 17.8.34330.188
MinimumVisualStudioVersion = 10.0.40219.1
Project("{9A19103F-16F7-4668-BE54-9A1E7A4F7556}") = "User Input", "User Input\User Input.csproj", "{772DDA08-FF8F-40D0-B805-12F5561629F0}"
EndProject
Project("{9A19103F-16F7-4668-BE54-9A1E7A4F7556}") = "Try Catch", "Try Catch\Try Catch.csproj", "{CFAEBAE1-7BF0-4E75-99CB-18545EA7D43A}"
EndProject
Project("{FAE04EC0-301F-11D3-BF4B-00C04F79EFBC}") = "Operators", "Operators\Operators.csproj", "{EC3BEC29-FAF9-4A91-BF06-DCC6B1F195F0}"
EndProject
Global
	GlobalSection(SolutionConfigurationPlatforms) = preSolution
		Debug|Any CPU = Debug|Any CPU
		Release|Any CPU = Release|Any CPU
	EndGlobalSection
	GlobalSection(ProjectConfigurationPlatforms) = postSolution
		{772DDA08-FF8F-40D0-B805-12F5561629F0}.Debug|Any CPU.ActiveCfg = Debug|Any CPU
		{772DDA08-FF8F-40D0-B805-12F5561629F0}.Debug|Any CPU.Build.0 = Debug|Any CPU
		{772DDA08-FF8F-40D0-B805-12F5561629F0}.Release|Any CPU.ActiveCfg = Release|Any CPU
		{772DDA08-FF8F-40D0-B805-12F5561629F0}.Release|Any CPU.Build.0 = Release|Any CPU
		{CFAEBAE1-7BF0-4E75-99CB-18545EA7D43A}.Debug|Any CPU.ActiveCfg = Debug|Any CPU
		{CFAEBAE1-7BF0-4E75-99CB-18545EA7D43A}.Debug|Any CPU.Build.0 = Debug|Any CPU
		{CFAEBAE1-7BF0-4E75-99CB-18545EA7D43A}.Release|Any CPU.ActiveCfg = Release|Any CPU
		{CFAEBAE1-7BF0-4E75-99CB-18545EA7D43A}.Release|Any CPU.Build.0 = Release|Any CPU
		{EC3BEC29-FAF9-4A91-BF06-DCC6B1F195F0}.Debug|Any CPU.ActiveCfg = Debug|Any CPU
		{EC3BEC29-FAF9-4A91-BF06-DCC6B1F195F0}.Debug|Any CPU.Build.0 = Debug|Any CPU
		{EC3BEC29-FAF9-4A91-BF06-DCC6B1F195F0}.Release|Any CPU.ActiveCfg = Release|Any CPU
		{EC3BEC29-FAF9-4A91-BF06-DCC6B1F195F0}.Release|Any CPU.Build.0 = Release|Any CPU
	EndGlobalSection
	GlobalSection(SolutionProperties) = preSolution
		HideSolutionNode = FALSE
	EndGlobalSection
	GlobalSection(ExtensibilityGlobals) = postSolution
		SolutionGuid = {2A47249D-43D8-4944-948D-D57F83441803}
	EndGlobalSection
EndGlobal
