
Microsoft Visual Studio Solution File, Format Version 12.00
# Visual Studio Version 17
VisualStudioVersion = 17.8.34330.188
MinimumVisualStudioVersion = 10.0.40219.1
Project("{FAE04EC0-301F-11D3-BF4B-00C04F79EFBC}") = "Method Assignment", "Method Assignment\Method Assignment.csproj", "{F16616CD-1730-4FAF-B437-9107DB2002AD}"
EndProject
Global
	GlobalSection(SolutionConfigurationPlatforms) = preSolution
		Debug|Any CPU = Debug|Any CPU
		Release|Any CPU = Release|Any CPU
	EndGlobalSection
	GlobalSection(ProjectConfigurationPlatforms) = postSolution
		{F16616CD-1730-4FAF-B437-9107DB2002AD}.Debug|Any CPU.ActiveCfg = Debug|Any CPU
		{F16616CD-1730-4FAF-B437-9107DB2002AD}.Debug|Any CPU.Build.0 = Debug|Any CPU
		{F16616CD-1730-4FAF-B437-9107DB2002AD}.Release|Any CPU.ActiveCfg = Release|Any CPU
		{F16616CD-1730-4FAF-B437-9107DB2002AD}.Release|Any CPU.Build.0 = Release|Any CPU
	EndGlobalSection
	GlobalSection(SolutionProperties) = preSolution
		HideSolutionNode = FALSE
	EndGlobalSection
	GlobalSection(ExtensibilityGlobals) = postSolution
		SolutionGuid = {99E9593F-4198-416E-B617-AE08CBFAB4F3}
	EndGlobalSection
EndGlobal
